<?xml version="1.0" encoding="utf-8"?>
<Project ToolsVersion="4.0" xmlns="http://schemas.microsoft.com/developer/msbuild/2003">
  <ItemGroup>
    <Filter Include="API FrameWork">
      <UniqueIdentifier>{4FC737F1-C7A5-4376-A066-2A32D752A2FF}</UniqueIdentifier>
      <Extensions>cpp;c;cc;cxx;c++;cppm;ixx;def;odl;idl;hpj;bat;asm;asmx</Extensions>
    </Filter>
    <Filter Include="API FrameWork\Utility">
      <UniqueIdentifier>{a5f0054a-4d5a-48f8-be27-cee4397f9cfb}</UniqueIdentifier>
    </Filter>
    <Filter Include="API FrameWork\Utility\Math">
      <UniqueIdentifier>{8e10622c-49b4-49a2-aefd-74299b84df81}</UniqueIdentifier>
    </Filter>
    <Filter Include="API FrameWork\PCH">
      <UniqueIdentifier>{89f73a42-c6e4-45ea-b66a-63fdb975756d}</UniqueIdentifier>
    </Filter>
    <Filter Include="API FrameWork\DesignPattern">
      <UniqueIdentifier>{2b41fac0-c372-4048-a165-7c1ad0598ba0}</UniqueIdentifier>
    </Filter>
    <Filter Include="API FrameWork\DesignPattern\Singleton">
      <UniqueIdentifier>{dd439712-d9a6-44c6-9582-efb179f1a41f}</UniqueIdentifier>
    </Filter>
    <Filter Include="API FrameWork\GameCore">
      <UniqueIdentifier>{d31818a9-8566-4375-9613-e24875b46c7d}</UniqueIdentifier>
    </Filter>
    <Filter Include="MainGame">
      <UniqueIdentifier>{f774a363-6d4c-4a16-814e-31b09577fcc5}</UniqueIdentifier>
    </Filter>
    <Filter Include="API FrameWork\Manager">
      <UniqueIdentifier>{ca82977d-5706-4660-9768-dc9ff1ad6554}</UniqueIdentifier>
    </Filter>
    <Filter Include="API FrameWork\Image">
      <UniqueIdentifier>{3ade2f97-fca1-483c-94c8-5c1db157a66d}</UniqueIdentifier>
    </Filter>
    <Filter Include="Json">
      <UniqueIdentifier>{f9dc379c-390c-4419-b560-69745dad185b}</UniqueIdentifier>
    </Filter>
    <Filter Include="CameraManager">
      <UniqueIdentifier>{a1df9521-19a0-4e7c-a5a4-6c5c76cdbe97}</UniqueIdentifier>
    </Filter>
    <Filter Include="GameSystemManager">
      <UniqueIdentifier>{3e367e79-446f-4f34-88ef-daecf0e9a3e6}</UniqueIdentifier>
    </Filter>
    <Filter Include="Item">
      <UniqueIdentifier>{47d9dece-486e-46d0-9443-71d1aff3f410}</UniqueIdentifier>
    </Filter>
    <Filter Include="MapTool">
      <UniqueIdentifier>{f4ae60fe-b57d-4ce6-aa86-9c02a4fe64c4}</UniqueIdentifier>
    </Filter>
    <Filter Include="Monster">
      <UniqueIdentifier>{68888abe-e852-4e82-ba20-e2c7f4aebcb1}</UniqueIdentifier>
    </Filter>
    <Filter Include="Player">
      <UniqueIdentifier>{355e52b5-abb7-4814-9c56-aa5ad056f5e9}</UniqueIdentifier>
    </Filter>
    <Filter Include="Scene">
      <UniqueIdentifier>{999fe458-7463-4df7-a4f4-a2d812e1d0f7}</UniqueIdentifier>
    </Filter>
    <Filter Include="Store">
      <UniqueIdentifier>{6d6c9204-5a36-44dd-9a20-fd718b335171}</UniqueIdentifier>
    </Filter>
    <Filter Include="Ui">
      <UniqueIdentifier>{a92690d3-2b66-46e9-8c87-108b62d921ab}</UniqueIdentifier>
    </Filter>
    <Filter Include="Object">
      <UniqueIdentifier>{af8c426a-c295-4425-af2f-e8475d8190e2}</UniqueIdentifier>
    </Filter>
  </ItemGroup>
  <ItemGroup>
    <ClCompile Include="Stdafx.cpp">
      <Filter>API FrameWork\PCH</Filter>
    </ClCompile>
    <ClCompile Include="GameNode.cpp">
      <Filter>API FrameWork\GameCore</Filter>
    </ClCompile>
    <ClCompile Include="WinMain.cpp">
      <Filter>API FrameWork</Filter>
    </ClCompile>
    <ClCompile Include="MainGame.cpp">
      <Filter>MainGame</Filter>
    </ClCompile>
    <ClCompile Include="GImage.cpp">
      <Filter>API FrameWork\Image</Filter>
    </ClCompile>
    <ClCompile Include="TempSoundManager.cpp">
      <Filter>API FrameWork\Manager</Filter>
    </ClCompile>
    <ClCompile Include="KeyManager.cpp">
      <Filter>API FrameWork\Manager</Filter>
    </ClCompile>
    <ClCompile Include="ImageManager.cpp">
      <Filter>API FrameWork\Manager</Filter>
    </ClCompile>
    <ClCompile Include="FontManager.cpp">
      <Filter>API FrameWork\Manager</Filter>
    </ClCompile>
    <ClCompile Include="Utils.cpp">
      <Filter>API FrameWork\Utility\Math</Filter>
    </ClCompile>
    <ClCompile Include="TimeManager.cpp">
      <Filter>API FrameWork\Manager</Filter>
    </ClCompile>
    <ClCompile Include="Timer.cpp">
      <Filter>API FrameWork\Manager</Filter>
    </ClCompile>
    <ClCompile Include="SceneManager.cpp">
      <Filter>API FrameWork\Manager</Filter>
    </ClCompile>
    <ClCompile Include="SoundManager.cpp">
      <Filter>API FrameWork\Manager</Filter>
    </ClCompile>
    <ClCompile Include="ProgressBar.cpp">
      <Filter>API FrameWork\Utility</Filter>
    </ClCompile>
    <ClCompile Include="CameraManager.cpp">
      <Filter>CameraManager</Filter>
    </ClCompile>
    <ClCompile Include="GameSystemManager.cpp">
      <Filter>GameSystemManager</Filter>
    </ClCompile>
    <ClCompile Include="Item.cpp">
      <Filter>Item</Filter>
    </ClCompile>
    <ClCompile Include="MapTool.cpp">
      <Filter>MapTool</Filter>
    </ClCompile>
    <ClCompile Include="Monster.cpp">
      <Filter>Monster</Filter>
    </ClCompile>
    <ClCompile Include="Player.cpp">
      <Filter>Player</Filter>
    </ClCompile>
    <ClCompile Include="Intro.cpp">
      <Filter>Scene</Filter>
    </ClCompile>
    <ClCompile Include="MainMenu.cpp">
      <Filter>Scene</Filter>
    </ClCompile>
    <ClCompile Include="Store.cpp">
      <Filter>Store</Filter>
    </ClCompile>
    <ClCompile Include="Ui.cpp">
      <Filter>Ui</Filter>
    </ClCompile>
    <ClCompile Include="JasonSaveLoader.cpp">
      <Filter>Json</Filter>
    </ClCompile>
    <ClCompile Include="Object.cpp">
      <Filter>Object</Filter>
    </ClCompile>
    <ClCompile Include="Ending.cpp">
      <Filter>Scene</Filter>
    </ClCompile>
    <ClCompile Include="CameraShake.cpp">
      <Filter>API FrameWork\Manager</Filter>
    </ClCompile>
  </ItemGroup>
  <ItemGroup>
    <ClInclude Include="CommonMacroFunction.h">
      <Filter>API FrameWork\Utility\Math</Filter>
    </ClInclude>
    <ClInclude Include="Stdafx.h">
      <Filter>API FrameWork\PCH</Filter>
    </ClInclude>
    <ClInclude Include="SingletonBase.h">
      <Filter>API FrameWork\DesignPattern\Singleton</Filter>
    </ClInclude>
    <ClInclude Include="RandomFunction.h">
      <Filter>API FrameWork\DesignPattern\Singleton</Filter>
    </ClInclude>
    <ClInclude Include="GameNode.h">
      <Filter>API FrameWork\GameCore</Filter>
    </ClInclude>
    <ClInclude Include="MainGame.h">
      <Filter>MainGame</Filter>
    </ClInclude>
    <ClInclude Include="GImage.h">
      <Filter>API FrameWork\Image</Filter>
    </ClInclude>
    <ClInclude Include="TempSoundManager.h">
      <Filter>API FrameWork\Manager</Filter>
    </ClInclude>
    <ClInclude Include="KeyManager.h">
      <Filter>API FrameWork\Manager</Filter>
    </ClInclude>
    <ClInclude Include="ImageManager.h">
      <Filter>API FrameWork\Manager</Filter>
    </ClInclude>
    <ClInclude Include="FontManager.h">
      <Filter>API FrameWork\Manager</Filter>
    </ClInclude>
    <ClInclude Include="Utils.h">
      <Filter>API FrameWork\Utility\Math</Filter>
    </ClInclude>
    <ClInclude Include="TimeManager.h">
      <Filter>API FrameWork\Manager</Filter>
    </ClInclude>
    <ClInclude Include="Timer.h">
      <Filter>API FrameWork\Manager</Filter>
    </ClInclude>
    <ClInclude Include="SceneManager.h">
      <Filter>API FrameWork\Manager</Filter>
    </ClInclude>
    <ClInclude Include="SoundManager.h">
      <Filter>API FrameWork\Manager</Filter>
    </ClInclude>
    <ClInclude Include="ProgressBar.h">
      <Filter>API FrameWork\Utility</Filter>
    </ClInclude>
    <ClInclude Include="CameraManager.h">
      <Filter>CameraManager</Filter>
    </ClInclude>
    <ClInclude Include="GameSystemManager.h">
      <Filter>GameSystemManager</Filter>
    </ClInclude>
    <ClInclude Include="Item.h">
      <Filter>Item</Filter>
    </ClInclude>
    <ClInclude Include="MapTool.h">
      <Filter>MapTool</Filter>
    </ClInclude>
    <ClInclude Include="Monster.h">
      <Filter>Monster</Filter>
    </ClInclude>
    <ClInclude Include="Player.h">
      <Filter>Player</Filter>
    </ClInclude>
    <ClInclude Include="Intro.h">
      <Filter>Scene</Filter>
    </ClInclude>
    <ClInclude Include="MainMenu.h">
      <Filter>Scene</Filter>
    </ClInclude>
    <ClInclude Include="Store.h">
      <Filter>Store</Filter>
    </ClInclude>
    <ClInclude Include="Ui.h">
      <Filter>Ui</Filter>
    </ClInclude>
    <ClInclude Include="JasonSaveLoader.h">
      <Filter>Json</Filter>
    </ClInclude>
    <ClInclude Include="Object.h">
      <Filter>Object</Filter>
    </ClInclude>
    <ClInclude Include="Ending.h">
      <Filter>Scene</Filter>
    </ClInclude>
    <ClInclude Include="CameraShake.h">
      <Filter>API FrameWork\Manager</Filter>
    </ClInclude>
  </ItemGroup>
  <ItemGroup>
    <None Include="1floor.json">
      <Filter>Json</Filter>
    </None>
    <None Include="2floor.json">
      <Filter>Json</Filter>
    </None>
    <None Include="3floor.json">
      <Filter>Json</Filter>
    </None>
    <None Include="4floor.json">
      <Filter>Json</Filter>
    </None>
  </ItemGroup>
</Project>